<?xml version="1.0" encoding="utf-8"?>
<Project ToolsVersion="4.0" xmlns="http://schemas.microsoft.com/developer/msbuild/2003">
  <ItemGroup>
    <Filter Include="Source Files">
      <UniqueIdentifier>{4FC737F1-C7A5-4376-A066-2A32D752A2FF}</UniqueIdentifier>
      <Extensions>cpp;c;cc;cxx;def;odl;idl;hpj;bat;asm;asmx</Extensions>
    </Filter>
    <Filter Include="Header Files">
      <UniqueIdentifier>{93995380-89BD-4b04-88EB-625FBE52EBFB}</UniqueIdentifier>
      <Extensions>h;hh;hpp;hxx;hm;inl;inc;xsd</Extensions>
    </Filter>
    <Filter Include="Resource Files">
      <UniqueIdentifier>{67DA6AB6-F800-4c08-8B7A-83BB121AAD01}</UniqueIdentifier>
      <Extensions>qrc;rc;ico;cur;bmp;dlg;rc2;rct;bin;rgs;gif;jpg;jpeg;jpe;resx;tiff;tif;png;wav;mfcribbon-ms</Extensions>
    </Filter>
    <Filter Include="Form Files">
      <UniqueIdentifier>{99349809-55BA-4b9d-BF79-8FDBB0286EB3}</UniqueIdentifier>
      <Extensions>ui</Extensions>
    </Filter>
    <Filter Include="Translation Files">
      <UniqueIdentifier>{639EADAA-A684-42e4-A9AD-28FC9BCB8F7C}</UniqueIdentifier>
      <Extensions>ts</Extensions>
    </Filter>
  </ItemGroup>
  <ItemGroup>
    <QtRcc Include="OFDEditor.qrc">
      <Filter>Resource Files</Filter>
    </QtRcc>
  </ItemGroup>
  <ItemGroup>
    <ClCompile Include="main.cpp">
      <Filter>Source Files</Filter>
    </ClCompile>
    <ClCompile Include="mainwindow.cpp">
      <Filter>Source Files</Filter>
    </ClCompile>
    <ClCompile Include="src\countwordsdialog.cpp">
      <Filter>Source Files</Filter>
    </ClCompile>
    <ClCompile Include="src\informationextract.cpp">
      <Filter>Source Files</Filter>
    </ClCompile>
    <ClCompile Include="src\insertimagedialog.cpp">
      <Filter>Source Files</Filter>
    </ClCompile>
    <ClCompile Include="src\inserttabledialog.cpp">
      <Filter>Source Files</Filter>
    </ClCompile>
    <ClCompile Include="src\ofdprocess.cpp">
      <Filter>Source Files</Filter>
    </ClCompile>
    <ClCompile Include="src\pagesetupdialog.cpp">
      <Filter>Source Files</Filter>
    </ClCompile>
    <ClCompile Include="src\paper.cpp">
      <Filter>Source Files</Filter>
    </ClCompile>
    <ClCompile Include="src\richtextprocess.cpp">
      <Filter>Source Files</Filter>
    </ClCompile>
    <ClCompile Include="src\setlinedistancedialog.cpp">
      <Filter>Source Files</Filter>
    </ClCompile>
    <ClCompile Include="src\thread_getpagetext.cpp">
      <Filter>Source Files</Filter>
    </ClCompile>
    <ClCompile Include="src\thread_loadrichtext.cpp">
      <Filter>Source Files</Filter>
    </ClCompile>
  </ItemGroup>
  <ItemGroup>
    <ResourceCompile Include="editor.rc">
      <Filter>Resource Files</Filter>
    </ResourceCompile>
  </ItemGroup>
  <ItemGroup>
    <QtMoc Include="mainwindow.h">
      <Filter>Header Files</Filter>
    </QtMoc>
    <QtMoc Include="src\countwordsdialog.h">
      <Filter>Header Files</Filter>
    </QtMoc>
    <QtMoc Include="src\informationextract.h">
      <Filter>Header Files</Filter>
    </QtMoc>
    <QtMoc Include="src\insertimagedialog.h">
      <Filter>Header Files</Filter>
    </QtMoc>
    <QtMoc Include="src\inserttabledialog.h">
      <Filter>Header Files</Filter>
    </QtMoc>
    <QtMoc Include="src\pagesetupdialog.h">
      <Filter>Header Files</Filter>
    </QtMoc>
    <QtMoc Include="src\paper.h">
      <Filter>Header Files</Filter>
    </QtMoc>
    <QtMoc Include="src\richtextprocess.h">
      <Filter>Header Files</Filter>
    </QtMoc>
    <QtMoc Include="src\setlinedistancedialog.h">
      <Filter>Header Files</Filter>
    </QtMoc>
    <QtMoc Include="src\thread_getpagetext.h">
      <Filter>Header Files</Filter>
    </QtMoc>
    <QtMoc Include="src\thread_loadrichtext.h">
      <Filter>Header Files</Filter>
    </QtMoc>
  </ItemGroup>
  <ItemGroup>
    <QtUic Include="mainwindow.ui">
      <Filter>Form Files</Filter>
    </QtUic>
    <QtUic Include="src\countwordsdialog.ui">
      <Filter>Form Files</Filter>
    </QtUic>
    <QtUic Include="src\insertimagedialog.ui">
      <Filter>Form Files</Filter>
    </QtUic>
    <QtUic Include="src\inserttabledialog.ui">
      <Filter>Form Files</Filter>
    </QtUic>
    <QtUic Include="src\pagesetupdialog.ui">
      <Filter>Form Files</Filter>
    </QtUic>
    <QtUic Include="src\setlinedistancedialog.ui">
      <Filter>Form Files</Filter>
    </QtUic>
  </ItemGroup>
  <ItemGroup>
    <Image Include="OFDeditor.ico">
      <Filter>Resource Files</Filter>
    </Image>
  </ItemGroup>
  <ItemGroup>
    <ClInclude Include="src\ofdprocess.h">
      <Filter>Header Files</Filter>
    </ClInclude>
  </ItemGroup>
</Project>